
Microsoft Visual Studio Solution File, Format Version 12.00
# Visual Studio Version 17
VisualStudioVersion = 17.5.33414.496
MinimumVisualStudioVersion = 10.0.40219.1
Project("{9A19103F-16F7-4668-BE54-9A1E7A4F7556}") = "ProjectX", "ProjectX.csproj", "{7BB1F46F-D6FC-46BD-BC6E-61A49474DF71}"
EndProject
Global
	GlobalSection(SolutionConfigurationPlatforms) = preSolution
		Debug|Any CPU = Debug|Any CPU
		Release|Any CPU = Release|Any CPU
	EndGlobalSection
	GlobalSection(ProjectConfigurationPlatforms) = postSolution
		{7BB1F46F-D6FC-46BD-BC6E-61A49474DF71}.Debug|Any CPU.ActiveCfg = Debug|Any CPU
		{7BB1F46F-D6FC-46BD-BC6E-61A49474DF71}.Debug|Any CPU.Build.0 = Debug|Any CPU
		{7BB1F46F-D6FC-46BD-BC6E-61A49474DF71}.Release|Any CPU.ActiveCfg = Release|Any CPU
		{7BB1F46F-D6FC-46BD-BC6E-61A49474DF71}.Release|Any CPU.Build.0 = Release|Any CPU
	EndGlobalSection
	GlobalSection(SolutionProperties) = preSolution
		HideSolutionNode = FALSE
	EndGlobalSection
	GlobalSection(ExtensibilityGlobals) = postSolution
		SolutionGuid = {68DE120F-64BA-4CE6-A886-D30C409D8752}
	EndGlobalSection
EndGlobal
